
Microsoft Visual Studio Solution File, Format Version 12.00
# Visual Studio Version 16
VisualStudioVersion = 16.0.31129.286
MinimumVisualStudioVersion = 10.0.40219.1
Project("{FAE04EC0-301F-11D3-BF4B-00C04F79EFBC}") = "PlanEvent", "PlanEvent\PlanEvent.csproj", "{DA9B9359-35FC-495D-A141-8B6C563F71AE}"
EndProject
Global
	GlobalSection(SolutionConfigurationPlatforms) = preSolution
		Debug|Any CPU = Debug|Any CPU
		Release|Any CPU = Release|Any CPU
	EndGlobalSection
	GlobalSection(ProjectConfigurationPlatforms) = postSolution
		{DA9B9359-35FC-495D-A141-8B6C563F71AE}.Debug|Any CPU.ActiveCfg = Debug|Any CPU
		{DA9B9359-35FC-495D-A141-8B6C563F71AE}.Debug|Any CPU.Build.0 = Debug|Any CPU
		{DA9B9359-35FC-495D-A141-8B6C563F71AE}.Release|Any CPU.ActiveCfg = Release|Any CPU
		{DA9B9359-35FC-495D-A141-8B6C563F71AE}.Release|Any CPU.Build.0 = Release|Any CPU
	EndGlobalSection
	GlobalSection(SolutionProperties) = preSolution
		HideSolutionNode = FALSE
	EndGlobalSection
	GlobalSection(ExtensibilityGlobals) = postSolution
		SolutionGuid = {B8FF53E9-6FDC-4162-A900-5A4B920A6510}
	EndGlobalSection
EndGlobal
